// !$*UTF8*$!
{
	archiveVersion = 1;
	classes = {
	};
	objectVersion = 50;
	objects = {

/* Begin PBXBuildFile section */
		47DFD4842255F06200CCF257 /* AppDelegate.swift in Sources */ = {isa = PBXBuildFile; fileRef = 47DFD4832255F06200CCF257 /* AppDelegate.swift */; };
		47DFD4862255F06200CCF257 /* ViewController.swift in Sources */ = {isa = PBXBuildFile; fileRef = 47DFD4852255F06200CCF257 /* ViewController.swift */; };
		47DFD4892255F06200CCF257 /* Main.storyboard in Resources */ = {isa = PBXBuildFile; fileRef = 47DFD4872255F06200CCF257 /* Main.storyboard */; };
		47DFD48B2255F06600CCF257 /* Assets.xcassets in Resources */ = {isa = PBXBuildFile; fileRef = 47DFD48A2255F06600CCF257 /* Assets.xcassets */; };
		47DFD48E2255F06600CCF257 /* LaunchScreen.storyboard in Resources */ = {isa = PBXBuildFile; fileRef = 47DFD48C2255F06600CCF257 /* LaunchScreen.storyboard */; };
		47DFD4992255F06600CCF257 /* BMI_CalculatorTests.swift in Sources */ = {isa = PBXBuildFile; fileRef = 47DFD4982255F06600CCF257 /* BMI_CalculatorTests.swift */; };
		47DFD4A42255F06600CCF257 /* BMI_CalculatorUITests.swift in Sources */ = {isa = PBXBuildFile; fileRef = 47DFD4A32255F06600CCF257 /* BMI_CalculatorUITests.swift */; };
		47DFD4B2225620EB00CCF257 /* maplestory font in Resources */ = {isa = PBXBuildFile; fileRef = 47DFD4B1225620EA00CCF257 /* maplestory font */; };
/* End PBXBuildFile section */

/* Begin PBXContainerItemProxy section */
		47DFD4952255F06600CCF257 /* PBXContainerItemProxy */ = {
			isa = PBXContainerItemProxy;
			containerPortal = 47DFD4782255F06200CCF257 /* Project object */;
			proxyType = 1;
			remoteGlobalIDString = 47DFD47F2255F06200CCF257;
			remoteInfo = "BMI Calculator";
		};
		47DFD4A02255F06600CCF257 /* PBXContainerItemProxy */ = {
			isa = PBXContainerItemProxy;
			containerPortal = 47DFD4782255F06200CCF257 /* Project object */;
			proxyType = 1;
			remoteGlobalIDString = 47DFD47F2255F06200CCF257;
			remoteInfo = "BMI Calculator";
		};
/* End PBXContainerItemProxy section */

/* Begin PBXFileReference section */
		47DFD4802255F06200CCF257 /* BMI Calculator.app */ = {isa = PBXFileReference; explicitFileType = wrapper.application; includeInIndex = 0; path = "BMI Calculator.app"; sourceTree = BUILT_PRODUCTS_DIR; };
		47DFD4832255F06200CCF257 /* AppDelegate.swift */ = {isa = PBXFileReference; lastKnownFileType = sourcecode.swift; path = AppDelegate.swift; sourceTree = "<group>"; };
		47DFD4852255F06200CCF257 /* ViewController.swift */ = {isa = PBXFileReference; lastKnownFileType = sourcecode.swift; path = ViewController.swift; sourceTree = "<group>"; };
		47DFD4882255F06200CCF257 /* Base */ = {isa = PBXFileReference; lastKnownFileType = file.storyboard; name = Base; path = Base.lproj/Main.storyboard; sourceTree = "<group>"; };
		47DFD48A2255F06600CCF257 /* Assets.xcassets */ = {isa = PBXFileReference; lastKnownFileType = folder.assetcatalog; path = Assets.xcassets; sourceTree = "<group>"; };
		47DFD48D2255F06600CCF257 /* Base */ = {isa = PBXFileReference; lastKnownFileType = file.storyboard; name = Base; path = Base.lproj/LaunchScreen.storyboard; sourceTree = "<group>"; };
		47DFD48F2255F06600CCF257 /* Info.plist */ = {isa = PBXFileReference; lastKnownFileType = text.plist.xml; path = Info.plist; sourceTree = "<group>"; };
		47DFD4942255F06600CCF257 /* BMI CalculatorTests.xctest */ = {isa = PBXFileReference; explicitFileType = wrapper.cfbundle; includeInIndex = 0; path = "BMI CalculatorTests.xctest"; sourceTree = BUILT_PRODUCTS_DIR; };
		47DFD4982255F06600CCF257 /* BMI_CalculatorTests.swift */ = {isa = PBXFileReference; lastKnownFileType = sourcecode.swift; path = BMI_CalculatorTests.swift; sourceTree = "<group>"; };
		47DFD49A2255F06600CCF257 /* Info.plist */ = {isa = PBXFileReference; lastKnownFileType = text.plist.xml; path = Info.plist; sourceTree = "<group>"; };
		47DFD49F2255F06600CCF257 /* BMI CalculatorUITests.xctest */ = {isa = PBXFileReference; explicitFileType = wrapper.cfbundle; includeInIndex = 0; path = "BMI CalculatorUITests.xctest"; sourceTree = BUILT_PRODUCTS_DIR; };
		47DFD4A32255F06600CCF257 /* BMI_CalculatorUITests.swift */ = {isa = PBXFileReference; lastKnownFileType = sourcecode.swift; path = BMI_CalculatorUITests.swift; sourceTree = "<group>"; };
		47DFD4A52255F06600CCF257 /* Info.plist */ = {isa = PBXFileReference; lastKnownFileType = text.plist.xml; path = Info.plist; sourceTree = "<group>"; };
		47DFD4B1225620EA00CCF257 /* maplestory font */ = {isa = PBXFileReference; lastKnownFileType = folder; path = "maplestory font"; sourceTree = "<group>"; };
/* End PBXFileReference section */

/* Begin PBXFrameworksBuildPhase section */
		47DFD47D2255F06200CCF257 /* Frameworks */ = {
			isa = PBXFrameworksBuildPhase;
			buildActionMask = 2147483647;
			files = (
			);
			runOnlyForDeploymentPostprocessing = 0;
		};
		47DFD4912255F06600CCF257 /* Frameworks */ = {
			isa = PBXFrameworksBuildPhase;
			buildActionMask = 2147483647;
			files = (
			);
			runOnlyForDeploymentPostprocessing = 0;
		};
		47DFD49C2255F06600CCF257 /* Frameworks */ = {
			isa = PBXFrameworksBuildPhase;
			buildActionMask = 2147483647;
			files = (
			);
			runOnlyForDeploymentPostprocessing = 0;
		};
/* End PBXFrameworksBuildPhase section */

/* Begin PBXGroup section */
		47DFD4772255F06200CCF257 = {
			isa = PBXGroup;
			children = (
				47DFD4822255F06200CCF257 /* BMI Calculator */,
				47DFD4972255F06600CCF257 /* BMI CalculatorTests */,
				47DFD4A22255F06600CCF257 /* BMI CalculatorUITests */,
				47DFD4812255F06200CCF257 /* Products */,
			);
			sourceTree = "<group>";
		};
		47DFD4812255F06200CCF257 /* Products */ = {
			isa = PBXGroup;
			children = (
				47DFD4802255F06200CCF257 /* BMI Calculator.app */,
				47DFD4942255F06600CCF257 /* BMI CalculatorTests.xctest */,
				47DFD49F2255F06600CCF257 /* BMI CalculatorUITests.xctest */,
			);
			name = Products;
			sourceTree = "<group>";
		};
		47DFD4822255F06200CCF257 /* BMI Calculator */ = {
			isa = PBXGroup;
			children = (
				47DFD4832255F06200CCF257 /* AppDelegate.swift */,
				47DFD4852255F06200CCF257 /* ViewController.swift */,
				47DFD4872255F06200CCF257 /* Main.storyboard */,
				47DFD48A2255F06600CCF257 /* Assets.xcassets */,
				47DFD48C2255F06600CCF257 /* LaunchScreen.storyboard */,
				47DFD48F2255F06600CCF257 /* Info.plist */,
				47DFD4B1225620EA00CCF257 /* maplestory font */,
			);
			path = "BMI Calculator";
			sourceTree = "<group>";
		};
		47DFD4972255F06600CCF257 /* BMI CalculatorTests */ = {
			isa = PBXGroup;
			children = (
				47DFD4982255F06600CCF257 /* BMI_CalculatorTests.swift */,
				47DFD49A2255F06600CCF257 /* Info.plist */,
			);
			path = "BMI CalculatorTests";
			sourceTree = "<group>";
		};
		47DFD4A22255F06600CCF257 /* BMI CalculatorUITests */ = {
			isa = PBXGroup;
			children = (
				47DFD4A32255F06600CCF257 /* BMI_CalculatorUITests.swift */,
				47DFD4A52255F06600CCF257 /* Info.plist */,
			);
			path = "BMI CalculatorUITests";
			sourceTree = "<group>";
		};
/* End PBXGroup section */

/* Begin PBXNativeTarget section */
		47DFD47F2255F06200CCF257 /* BMI Calculator */ = {
			isa = PBXNativeTarget;
			buildConfigurationList = 47DFD4A82255F06600CCF257 /* Build configuration list for PBXNativeTarget "BMI Calculator" */;
			buildPhases = (
				47DFD47C2255F06200CCF257 /* Sources */,
				47DFD47D2255F06200CCF257 /* Frameworks */,
				47DFD47E2255F06200CCF257 /* Resources */,
			);
			buildRules = (
			);
			dependencies = (
			);
			name = "BMI Calculator";
			productName = "BMI Calculator";
			productReference = 47DFD4802255F06200CCF257 /* BMI Calculator.app */;
			productType = "com.apple.product-type.application";
		};
		47DFD4932255F06600CCF257 /* BMI CalculatorTests */ = {
			isa = PBXNativeTarget;
			buildConfigurationList = 47DFD4AB2255F06600CCF257 /* Build configuration list for PBXNativeTarget "BMI CalculatorTests" */;
			buildPhases = (
				47DFD4902255F06600CCF257 /* Sources */,
				47DFD4912255F06600CCF257 /* Frameworks */,
				47DFD4922255F06600CCF257 /* Resources */,
			);
			buildRules = (
			);
			dependencies = (
				47DFD4962255F06600CCF257 /* PBXTargetDependency */,
			);
			name = "BMI CalculatorTests";
			productName = "BMI CalculatorTests";
			productReference = 47DFD4942255F06600CCF257 /* BMI CalculatorTests.xctest */;
			productType = "com.apple.product-type.bundle.unit-test";
		};
		47DFD49E2255F06600CCF257 /* BMI CalculatorUITests */ = {
			isa = PBXNativeTarget;
			buildConfigurationList = 47DFD4AE2255F06600CCF257 /* Build configuration list for PBXNativeTarget "BMI CalculatorUITests" */;
			buildPhases = (
				47DFD49B2255F06600CCF257 /* Sources */,
				47DFD49C2255F06600CCF257 /* Frameworks */,
				47DFD49D2255F06600CCF257 /* Resources */,
			);
			buildRules = (
			);
			dependencies = (
				47DFD4A12255F06600CCF257 /* PBXTargetDependency */,
			);
			name = "BMI CalculatorUITests";
			productName = "BMI CalculatorUITests";
			productReference = 47DFD49F2255F06600CCF257 /* BMI CalculatorUITests.xctest */;
			productType = "com.apple.product-type.bundle.ui-testing";
		};
/* End PBXNativeTarget section */

/* Begin PBXProject section */
		47DFD4782255F06200CCF257 /* Project object */ = {
			isa = PBXProject;
			attributes = {
				LastSwiftUpdateCheck = 1020;
				LastUpgradeCheck = 1020;
				ORGANIZATIONNAME = "김도현";
				TargetAttributes = {
					47DFD47F2255F06200CCF257 = {
						CreatedOnToolsVersion = 10.2;
					};
					47DFD4932255F06600CCF257 = {
						CreatedOnToolsVersion = 10.2;
						TestTargetID = 47DFD47F2255F06200CCF257;
					};
					47DFD49E2255F06600CCF257 = {
						CreatedOnToolsVersion = 10.2;
						TestTargetID = 47DFD47F2255F06200CCF257;
					};
				};
			};
			buildConfigurationList = 47DFD47B2255F06200CCF257 /* Build configuration list for PBXProject "BMI Calculator" */;
			compatibilityVersion = "Xcode 9.3";
			developmentRegion = en;
			hasScannedForEncodings = 0;
			knownRegions = (
				en,
				Base,
			);
			mainGroup = 47DFD4772255F06200CCF257;
			productRefGroup = 47DFD4812255F06200CCF257 /* Products */;
			projectDirPath = "";
			projectRoot = "";
			targets = (
				47DFD47F2255F06200CCF257 /* BMI Calculator */,
				47DFD4932255F06600CCF257 /* BMI CalculatorTests */,
				47DFD49E2255F06600CCF257 /* BMI CalculatorUITests */,
			);
		};
/* End PBXProject section */

/* Begin PBXResourcesBuildPhase section */
		47DFD47E2255F06200CCF257 /* Resources */ = {
			isa = PBXResourcesBuildPhase;
			buildActionMask = 2147483647;
			files = (
				47DFD48E2255F06600CCF257 /* LaunchScreen.storyboard in Resources */,
				47DFD48B2255F06600CCF257 /* Assets.xcassets in Resources */,
				47DFD4B2225620EB00CCF257 /* maplestory font in Resources */,
				47DFD4892255F06200CCF257 /* Main.storyboard in Resources */,
			);
			runOnlyForDeploymentPostprocessing = 0;
		};
		47DFD4922255F06600CCF257 /* Resources */ = {
			isa = PBXResourcesBuildPhase;
			buildActionMask = 2147483647;
			files = (
			);
			runOnlyForDeploymentPostprocessing = 0;
		};
		47DFD49D2255F06600CCF257 /* Resources */ = {
			isa = PBXResourcesBuildPhase;
			buildActionMask = 2147483647;
			files = (
			);
			runOnlyForDeploymentPostprocessing = 0;
		};
/* End PBXResourcesBuildPhase section */

/* Begin PBXSourcesBuildPhase section */
		47DFD47C2255F06200CCF257 /* Sources */ = {
			isa = PBXSourcesBuildPhase;
			buildActionMask = 2147483647;
			files = (
				47DFD4862255F06200CCF257 /* ViewController.swift in Sources */,
				47DFD4842255F06200CCF257 /* AppDelegate.swift in Sources */,
			);
			runOnlyForDeploymentPostprocessing = 0;
		};
		47DFD4902255F06600CCF257 /* Sources */ = {
			isa = PBXSourcesBuildPhase;
			buildActionMask = 2147483647;
			files = (
				47DFD4992255F06600CCF257 /* BMI_CalculatorTests.swift in Sources */,
			);
			runOnlyForDeploymentPostprocessing = 0;
		};
		47DFD49B2255F06600CCF257 /* Sources */ = {
			isa = PBXSourcesBuildPhase;
			buildActionMask = 2147483647;
			files = (
				47DFD4A42255F06600CCF257 /* BMI_CalculatorUITests.swift in Sources */,
			);
			runOnlyForDeploymentPostprocessing = 0;
		};
/* End PBXSourcesBuildPhase section */

/* Begin PBXTargetDependency section */
		47DFD4962255F06600CCF257 /* PBXTargetDependency */ = {
			isa = PBXTargetDependency;
			target = 47DFD47F2255F06200CCF257 /* BMI Calculator */;
			targetProxy = 47DFD4952255F06600CCF257 /* PBXContainerItemProxy */;
		};
		47DFD4A12255F06600CCF257 /* PBXTargetDependency */ = {
			isa = PBXTargetDependency;
			target = 47DFD47F2255F06200CCF257 /* BMI Calculator */;
			targetProxy = 47DFD4A02255F06600CCF257 /* PBXContainerItemProxy */;
		};
/* End PBXTargetDependency section */

/* Begin PBXVariantGroup section */
		47DFD4872255F06200CCF257 /* Main.storyboard */ = {
			isa = PBXVariantGroup;
			children = (
				47DFD4882255F06200CCF257 /* Base */,
			);
			name = Main.storyboard;
			sourceTree = "<group>";
		};
		47DFD48C2255F06600CCF257 /* LaunchScreen.storyboard */ = {
			isa = PBXVariantGroup;
			children = (
				47DFD48D2255F06600CCF257 /* Base */,
			);
			name = LaunchScreen.storyboard;
			sourceTree = "<group>";
		};
/* End PBXVariantGroup section */

/* Begin XCBuildConfiguration section */
		47DFD4A62255F06600CCF257 /* Debug */ = {
			isa = XCBuildConfiguration;
			buildSettings = {
				ALWAYS_SEARCH_USER_PATHS = NO;
				CLANG_ANALYZER_NONNULL = YES;
				CLANG_ANALYZER_NUMBER_OBJECT_CONVERSION = YES_AGGRESSIVE;
				CLANG_CXX_LANGUAGE_STANDARD = "gnu++14";
				CLANG_CXX_LIBRARY = "libc++";
				CLANG_ENABLE_MODULES = YES;
				CLANG_ENABLE_OBJC_ARC = YES;
				CLANG_ENABLE_OBJC_WEAK = YES;
				CLANG_WARN_BLOCK_CAPTURE_AUTORELEASING = YES;
				CLANG_WARN_BOOL_CONVERSION = YES;
				CLANG_WARN_COMMA = YES;
				CLANG_WARN_CONSTANT_CONVERSION = YES;
				CLANG_WARN_DEPRECATED_OBJC_IMPLEMENTATIONS = YES;
				CLANG_WARN_DIRECT_OBJC_ISA_USAGE = YES_ERROR;
				CLANG_WARN_DOCUMENTATION_COMMENTS = YES;
				CLANG_WARN_EMPTY_BODY = YES;
				CLANG_WARN_ENUM_CONVERSION = YES;
				CLANG_WARN_INFINITE_RECURSION = YES;
				CLANG_WARN_INT_CONVERSION = YES;
				CLANG_WARN_NON_LITERAL_NULL_CONVERSION = YES;
				CLANG_WARN_OBJC_IMPLICIT_RETAIN_SELF = YES;
				CLANG_WARN_OBJC_LITERAL_CONVERSION = YES;
				CLANG_WARN_OBJC_ROOT_CLASS = YES_ERROR;
				CLANG_WARN_RANGE_LOOP_ANALYSIS = YES;
				CLANG_WARN_STRICT_PROTOTYPES = YES;
				CLANG_WARN_SUSPICIOUS_MOVE = YES;
				CLANG_WARN_UNGUARDED_AVAILABILITY = YES_AGGRESSIVE;
				CLANG_WARN_UNREACHABLE_CODE = YES;
				CLANG_WARN__DUPLICATE_METHOD_MATCH = YES;
				CODE_SIGN_IDENTITY = "iPhone Developer";
				COPY_PHASE_STRIP = NO;
				DEBUG_INFORMATION_FORMAT = dwarf;
				ENABLE_STRICT_OBJC_MSGSEND = YES;
				ENABLE_TESTABILITY = YES;
				GCC_C_LANGUAGE_STANDARD = gnu11;
				GCC_DYNAMIC_NO_PIC = NO;
				GCC_NO_COMMON_BLOCKS = YES;
				GCC_OPTIMIZATION_LEVEL = 0;
				GCC_PREPROCESSOR_DEFINITIONS = (
					"DEBUG=1",
					"$(inherited)",
				);
				GCC_WARN_64_TO_32_BIT_CONVERSION = YES;
				GCC_WARN_ABOUT_RETURN_TYPE = YES_ERROR;
				GCC_WARN_UNDECLARED_SELECTOR = YES;
				GCC_WARN_UNINITIALIZED_AUTOS = YES_AGGRESSIVE;
				GCC_WARN_UNUSED_FUNCTION = YES;
				GCC_WARN_UNUSED_VARIABLE = YES;
				IPHONEOS_DEPLOYMENT_TARGET = 12.2;
				MTL_ENABLE_DEBUG_INFO = INCLUDE_SOURCE;
				MTL_FAST_MATH = YES;
				ONLY_ACTIVE_ARCH = YES;
				SDKROOT = iphoneos;
				SWIFT_ACTIVE_COMPILATION_CONDITIONS = DEBUG;
				SWIFT_OPTIMIZATION_LEVEL = "-Onone";
			};
			name = Debug;
		};
		47DFD4A72255F06600CCF257 /* Release */ = {
			isa = XCBuildConfiguration;
			buildSettings = {
				ALWAYS_SEARCH_USER_PATHS = NO;
				CLANG_ANALYZER_NONNULL = YES;
				CLANG_ANALYZER_NUMBER_OBJECT_CONVERSION = YES_AGGRESSIVE;
				CLANG_CXX_LANGUAGE_STANDARD = "gnu++14";
				CLANG_CXX_LIBRARY = "libc++";
				CLANG_ENABLE_MODULES = YES;
				CLANG_ENABLE_OBJC_ARC = YES;
				CLANG_ENABLE_OBJC_WEAK = YES;
				CLANG_WARN_BLOCK_CAPTURE_AUTORELEASING = YES;
				CLANG_WARN_BOOL_CONVERSION = YES;
				CLANG_WARN_COMMA = YES;
				CLANG_WARN_CONSTANT_CONVERSION = YES;
				CLANG_WARN_DEPRECATED_OBJC_IMPLEMENTATIONS = YES;
				CLANG_WARN_DIRECT_OBJC_ISA_USAGE = YES_ERROR;
				CLANG_WARN_DOCUMENTATION_COMMENTS = YES;
				CLANG_WARN_EMPTY_BODY = YES;
				CLANG_WARN_ENUM_CONVERSION = YES;
				CLANG_WARN_INFINITE_RECURSION = YES;
				CLANG_WARN_INT_CONVERSION = YES;
				CLANG_WARN_NON_LITERAL_NULL_CONVERSION = YES;
				CLANG_WARN_OBJC_IMPLICIT_RETAIN_SELF = YES;
				CLANG_WARN_OBJC_LITERAL_CONVERSION = YES;
				CLANG_WARN_OBJC_ROOT_CLASS = YES_ERROR;
				CLANG_WARN_RANGE_LOOP_ANALYSIS = YES;
				CLANG_WARN_STRICT_PROTOTYPES = YES;
				CLANG_WARN_SUSPICIOUS_MOVE = YES;
				CLANG_WARN_UNGUARDED_AVAILABILITY = YES_AGGRESSIVE;
				CLANG_WARN_UNREACHABLE_CODE = YES;
				CLANG_WARN__DUPLICATE_METHOD_MATCH = YES;
				CODE_SIGN_IDENTITY = "iPhone Developer";
				COPY_PHASE_STRIP = NO;
				DEBUG_INFORMATION_FORMAT = "dwarf-with-dsym";
				ENABLE_NS_ASSERTIONS = NO;
				ENABLE_STRICT_OBJC_MSGSEND = YES;
				GCC_C_LANGUAGE_STANDARD = gnu11;
				GCC_NO_COMMON_BLOCKS = YES;
				GCC_WARN_64_TO_32_BIT_CONVERSION = YES;
				GCC_WARN_ABOUT_RETURN_TYPE = YES_ERROR;
				GCC_WARN_UNDECLARED_SELECTOR = YES;
				GCC_WARN_UNINITIALIZED_AUTOS = YES_AGGRESSIVE;
				GCC_WARN_UNUSED_FUNCTION = YES;
				GCC_WARN_UNUSED_VARIABLE = YES;
				IPHONEOS_DEPLOYMENT_TARGET = 12.2;
				MTL_ENABLE_DEBUG_INFO = NO;
				MTL_FAST_MATH = YES;
				SDKROOT = iphoneos;
				SWIFT_COMPILATION_MODE = wholemodule;
				SWIFT_OPTIMIZATION_LEVEL = "-O";
				VALIDATE_PRODUCT = YES;
			};
			name = Release;
		};
		47DFD4A92255F06600CCF257 /* Debug */ = {
			isa = XCBuildConfiguration;
			buildSettings = {
				ASSETCATALOG_COMPILER_APPICON_NAME = "AppIcon-1";
				CODE_SIGN_STYLE = Automatic;
				DEVELOPMENT_TEAM = VSX6758FTG;
				INFOPLIST_FILE = "BMI Calculator/Info.plist";
				LD_RUNPATH_SEARCH_PATHS = (
					"$(inherited)",
					"@executable_path/Frameworks",
				);
				PRODUCT_BUNDLE_IDENTIFIER = "dohyun.BMI-Calculator";
				PRODUCT_NAME = "$(TARGET_NAME)";
				SWIFT_VERSION = 5.0;
				TARGETED_DEVICE_FAMILY = "1,2";
			};
			name = Debug;
		};
		47DFD4AA2255F06600CCF257 /* Release */ = {
			isa = XCBuildConfiguration;
			buildSettings = {
				ASSETCATALOG_COMPILER_APPICON_NAME = "AppIcon-1";
				CODE_SIGN_STYLE = Automatic;
				DEVELOPMENT_TEAM = VSX6758FTG;
				INFOPLIST_FILE = "BMI Calculator/Info.plist";
				LD_RUNPATH_SEARCH_PATHS = (
					"$(inherited)",
					"@executable_path/Frameworks",
				);
				PRODUCT_BUNDLE_IDENTIFIER = "dohyun.BMI-Calculator";
				PRODUCT_NAME = "$(TARGET_NAME)";
				SWIFT_VERSION = 5.0;
				TARGETED_DEVICE_FAMILY = "1,2";
			};
			name = Release;
		};
		47DFD4AC2255F06600CCF257 /* Debug */ = {
			isa = XCBuildConfiguration;
			buildSettings = {
				ALWAYS_EMBED_SWIFT_STANDARD_LIBRARIES = YES;
				BUNDLE_LOADER = "$(TEST_HOST)";
				CODE_SIGN_STYLE = Automatic;
				DEVELOPMENT_TEAM = VSX6758FTG;
				INFOPLIST_FILE = "BMI CalculatorTests/Info.plist";
				LD_RUNPATH_SEARCH_PATHS = (
					"$(inherited)",
					"@executable_path/Frameworks",
					"@loader_path/Frameworks",
				);
				PRODUCT_BUNDLE_IDENTIFIER = "dohyun.BMI-CalculatorTests";
				PRODUCT_NAME = "$(TARGET_NAME)";
				SWIFT_VERSION = 5.0;
				TARGETED_DEVICE_FAMILY = "1,2";
				TEST_HOST = "$(BUILT_PRODUCTS_DIR)/BMI Calculator.app/BMI Calculator";
			};
			name = Debug;
		};
		47DFD4AD2255F06600CCF257 /* Release */ = {
			isa = XCBuildConfiguration;
			buildSettings = {
				ALWAYS_EMBED_SWIFT_STANDARD_LIBRARIES = YES;
				BUNDLE_LOADER = "$(TEST_HOST)";
				CODE_SIGN_STYLE = Automatic;
				DEVELOPMENT_TEAM = VSX6758FTG;
				INFOPLIST_FILE = "BMI CalculatorTests/Info.plist";
				LD_RUNPATH_SEARCH_PATHS = (
					"$(inherited)",
					"@executable_path/Frameworks",
					"@loader_path/Frameworks",
				);
				PRODUCT_BUNDLE_IDENTIFIER = "dohyun.BMI-CalculatorTests";
				PRODUCT_NAME = "$(TARGET_NAME)";
				SWIFT_VERSION = 5.0;
				TARGETED_DEVICE_FAMILY = "1,2";
				TEST_HOST = "$(BUILT_PRODUCTS_DIR)/BMI Calculator.app/BMI Calculator";
			};
			name = Release;
		};
		47DFD4AF2255F06600CCF257 /* Debug */ = {
			isa = XCBuildConfiguration;
			buildSettings = {
				ALWAYS_EMBED_SWIFT_STANDARD_LIBRARIES = YES;
				CODE_SIGN_STYLE = Automatic;
				DEVELOPMENT_TEAM = VSX6758FTG;
				INFOPLIST_FILE = "BMI CalculatorUITests/Info.plist";
				LD_RUNPATH_SEARCH_PATHS = (
					"$(inherited)",
					"@executable_path/Frameworks",
					"@loader_path/Frameworks",
				);
				PRODUCT_BUNDLE_IDENTIFIER = "dohyun.BMI-CalculatorUITests";
				PRODUCT_NAME = "$(TARGET_NAME)";
				SWIFT_VERSION = 5.0;
				TARGETED_DEVICE_FAMILY = "1,2";
				TEST_TARGET_NAME = "BMI Calculator";
			};
			name = Debug;
		};
		47DFD4B02255F06600CCF257 /* Release */ = {
			isa = XCBuildConfiguration;
			buildSettings = {
				ALWAYS_EMBED_SWIFT_STANDARD_LIBRARIES = YES;
				CODE_SIGN_STYLE = Automatic;
				DEVELOPMENT_TEAM = VSX6758FTG;
				INFOPLIST_FILE = "BMI CalculatorUITests/Info.plist";
				LD_RUNPATH_SEARCH_PATHS = (
					"$(inherited)",
					"@executable_path/Frameworks",
					"@loader_path/Frameworks",
				);
				PRODUCT_BUNDLE_IDENTIFIER = "dohyun.BMI-CalculatorUITests";
				PRODUCT_NAME = "$(TARGET_NAME)";
				SWIFT_VERSION = 5.0;
				TARGETED_DEVICE_FAMILY = "1,2";
				TEST_TARGET_NAME = "BMI Calculator";
			};
			name = Release;
		};
/* End XCBuildConfiguration section */

/* Begin XCConfigurationList section */
		47DFD47B2255F06200CCF257 /* Build configuration list for PBXProject "BMI Calculator" */ = {
			isa = XCConfigurationList;
			buildConfigurations = (
				47DFD4A62255F06600CCF257 /* Debug */,
				47DFD4A72255F06600CCF257 /* Release */,
			);
			defaultConfigurationIsVisible = 0;
			defaultConfigurationName = Release;
		};
		47DFD4A82255F06600CCF257 /* Build configuration list for PBXNativeTarget "BMI Calculator" */ = {
			isa = XCConfigurationList;
			buildConfigurations = (
				47DFD4A92255F06600CCF257 /* Debug */,
				47DFD4AA2255F06600CCF257 /* Release */,
			);
			defaultConfigurationIsVisible = 0;
			defaultConfigurationName = Release;
		};
		47DFD4AB2255F06600CCF257 /* Build configuration list for PBXNativeTarget "BMI CalculatorTests" */ = {
			isa = XCConfigurationList;
			buildConfigurations = (
				47DFD4AC2255F06600CCF257 /* Debug */,
				47DFD4AD2255F06600CCF257 /* Release */,
			);
			defaultConfigurationIsVisible = 0;
			defaultConfigurationName = Release;
		};
		47DFD4AE2255F06600CCF257 /* Build configuration list for PBXNativeTarget "BMI CalculatorUITests" */ = {
			isa = XCConfigurationList;
			buildConfigurations = (
				47DFD4AF2255F06600CCF257 /* Debug */,
				47DFD4B02255F06600CCF257 /* Release */,
			);
			defaultConfigurationIsVisible = 0;
			defaultConfigurationName = Release;
		};
/* End XCConfigurationList section */
	};
	rootObject = 47DFD4782255F06200CCF257 /* Project object */;
}
